// !$*UTF8*$!
{
	archiveVersion = 1;
	classes = {
	};
	objectVersion = 46;
	objects = {

/* Begin PBXBuildFile section */
		B4E352721AA6B8A200AD6439 /* main.m in Sources */ = {isa = PBXBuildFile; fileRef = B4E352711AA6B8A200AD6439 /* main.m */; };
		B4E352751AA6B8A200AD6439 /* AppDelegate.m in Sources */ = {isa = PBXBuildFile; fileRef = B4E352741AA6B8A200AD6439 /* AppDelegate.m */; };
		B4E352781AA6B8A200AD6439 /* ViewController.m in Sources */ = {isa = PBXBuildFile; fileRef = B4E352771AA6B8A200AD6439 /* ViewController.m */; };
		B4E3527B1AA6B8A200AD6439 /* Main.storyboard in Resources */ = {isa = PBXBuildFile; fileRef = B4E352791AA6B8A200AD6439 /* Main.storyboard */; };
		B4E3527D1AA6B8A200AD6439 /* Images.xcassets in Resources */ = {isa = PBXBuildFile; fileRef = B4E3527C1AA6B8A200AD6439 /* Images.xcassets */; };
		B4E352801AA6B8A200AD6439 /* LaunchScreen.xib in Resources */ = {isa = PBXBuildFile; fileRef = B4E3527E1AA6B8A200AD6439 /* LaunchScreen.xib */; };
		B4E3528C1AA6B8A200AD6439 /* TestFrameWorkTests.m in Sources */ = {isa = PBXBuildFile; fileRef = B4E3528B1AA6B8A200AD6439 /* TestFrameWorkTests.m */; };
/* End PBXBuildFile section */

/* Begin PBXContainerItemProxy section */
		B4E352861AA6B8A200AD6439 /* PBXContainerItemProxy */ = {
			isa = PBXContainerItemProxy;
			containerPortal = B4E352641AA6B8A200AD6439 /* Project object */;
			proxyType = 1;
			remoteGlobalIDString = B4E3526B1AA6B8A200AD6439;
			remoteInfo = TestFrameWork;
		};
/* End PBXContainerItemProxy section */

/* Begin PBXFileReference section */
		B4E3526C1AA6B8A200AD6439 /* TestFrameWork.app */ = {isa = PBXFileReference; explicitFileType = wrapper.application; includeInIndex = 0; path = TestFrameWork.app; sourceTree = BUILT_PRODUCTS_DIR; };
		B4E352701AA6B8A200AD6439 /* Info.plist */ = {isa = PBXFileReference; lastKnownFileType = text.plist.xml; path = Info.plist; sourceTree = "<group>"; };
		B4E352711AA6B8A200AD6439 /* main.m */ = {isa = PBXFileReference; lastKnownFileType = sourcecode.c.objc; path = main.m; sourceTree = "<group>"; };
		B4E352731AA6B8A200AD6439 /* AppDelegate.h */ = {isa = PBXFileReference; lastKnownFileType = sourcecode.c.h; path = AppDelegate.h; sourceTree = "<group>"; };
		B4E352741AA6B8A200AD6439 /* AppDelegate.m */ = {isa = PBXFileReference; lastKnownFileType = sourcecode.c.objc; path = AppDelegate.m; sourceTree = "<group>"; };
		B4E352761AA6B8A200AD6439 /* ViewController.h */ = {isa = PBXFileReference; lastKnownFileType = sourcecode.c.h; path = ViewController.h; sourceTree = "<group>"; };
		B4E352771AA6B8A200AD6439 /* ViewController.m */ = {isa = PBXFileReference; lastKnownFileType = sourcecode.c.objc; path = ViewController.m; sourceTree = "<group>"; };
		B4E3527A1AA6B8A200AD6439 /* Base */ = {isa = PBXFileReference; lastKnownFileType = file.storyboard; name = Base; path = Base.lproj/Main.storyboard; sourceTree = "<group>"; };
		B4E3527C1AA6B8A200AD6439 /* Images.xcassets */ = {isa = PBXFileReference; lastKnownFileType = folder.assetcatalog; path = Images.xcassets; sourceTree = "<group>"; };
		B4E3527F1AA6B8A200AD6439 /* Base */ = {isa = PBXFileReference; lastKnownFileType = file.xib; name = Base; path = Base.lproj/LaunchScreen.xib; sourceTree = "<group>"; };
		B4E352851AA6B8A200AD6439 /* TestFrameWorkTests.xctest */ = {isa = PBXFileReference; explicitFileType = wrapper.cfbundle; includeInIndex = 0; path = TestFrameWorkTests.xctest; sourceTree = BUILT_PRODUCTS_DIR; };
		B4E3528A1AA6B8A200AD6439 /* Info.plist */ = {isa = PBXFileReference; lastKnownFileType = text.plist.xml; path = Info.plist; sourceTree = "<group>"; };
		B4E3528B1AA6B8A200AD6439 /* TestFrameWorkTests.m */ = {isa = PBXFileReference; lastKnownFileType = sourcecode.c.objc; path = TestFrameWorkTests.m; sourceTree = "<group>"; };
/* End PBXFileReference section */

/* Begin PBXFrameworksBuildPhase section */
		B4E352691AA6B8A200AD6439 /* Frameworks */ = {
			isa = PBXFrameworksBuildPhase;
			buildActionMask = 2147483647;
			files = (
			);
			runOnlyForDeploymentPostprocessing = 0;
		};
		B4E352821AA6B8A200AD6439 /* Frameworks */ = {
			isa = PBXFrameworksBuildPhase;
			buildActionMask = 2147483647;
			files = (
			);
			runOnlyForDeploymentPostprocessing = 0;
		};
/* End PBXFrameworksBuildPhase section */

/* Begin PBXGroup section */
		B4E352631AA6B8A200AD6439 = {
			isa = PBXGroup;
			children = (
				B4E3526E1AA6B8A200AD6439 /* TestFrameWork */,
				B4E352881AA6B8A200AD6439 /* TestFrameWorkTests */,
				B4E3526D1AA6B8A200AD6439 /* Products */,
			);
			sourceTree = "<group>";
		};
		B4E3526D1AA6B8A200AD6439 /* Products */ = {
			isa = PBXGroup;
			children = (
				B4E3526C1AA6B8A200AD6439 /* TestFrameWork.app */,
				B4E352851AA6B8A200AD6439 /* TestFrameWorkTests.xctest */,
			);
			name = Products;
			sourceTree = "<group>";
		};
		B4E3526E1AA6B8A200AD6439 /* TestFrameWork */ = {
			isa = PBXGroup;
			children = (
				B4E352731AA6B8A200AD6439 /* AppDelegate.h */,
				B4E352741AA6B8A200AD6439 /* AppDelegate.m */,
				B4E352761AA6B8A200AD6439 /* ViewController.h */,
				B4E352771AA6B8A200AD6439 /* ViewController.m */,
				B4E352791AA6B8A200AD6439 /* Main.storyboard */,
				B4E3527C1AA6B8A200AD6439 /* Images.xcassets */,
				B4E3527E1AA6B8A200AD6439 /* LaunchScreen.xib */,
				B4E3526F1AA6B8A200AD6439 /* Supporting Files */,
			);
			path = TestFrameWork;
			sourceTree = "<group>";
		};
		B4E3526F1AA6B8A200AD6439 /* Supporting Files */ = {
			isa = PBXGroup;
			children = (
				B4E352701AA6B8A200AD6439 /* Info.plist */,
				B4E352711AA6B8A200AD6439 /* main.m */,
			);
			name = "Supporting Files";
			sourceTree = "<group>";
		};
		B4E352881AA6B8A200AD6439 /* TestFrameWorkTests */ = {
			isa = PBXGroup;
			children = (
				B4E3528B1AA6B8A200AD6439 /* TestFrameWorkTests.m */,
				B4E352891AA6B8A200AD6439 /* Supporting Files */,
			);
			path = TestFrameWorkTests;
			sourceTree = "<group>";
		};
		B4E352891AA6B8A200AD6439 /* Supporting Files */ = {
			isa = PBXGroup;
			children = (
				B4E3528A1AA6B8A200AD6439 /* Info.plist */,
			);
			name = "Supporting Files";
			sourceTree = "<group>";
		};
/* End PBXGroup section */

/* Begin PBXNativeTarget section */
		B4E3526B1AA6B8A200AD6439 /* TestFrameWork */ = {
			isa = PBXNativeTarget;
			buildConfigurationList = B4E3528F1AA6B8A200AD6439 /* Build configuration list for PBXNativeTarget "TestFrameWork" */;
			buildPhases = (
				B4E352681AA6B8A200AD6439 /* Sources */,
				B4E352691AA6B8A200AD6439 /* Frameworks */,
				B4E3526A1AA6B8A200AD6439 /* Resources */,
			);
			buildRules = (
			);
			dependencies = (
			);
			name = TestFrameWork;
			productName = TestFrameWork;
			productReference = B4E3526C1AA6B8A200AD6439 /* TestFrameWork.app */;
			productType = "com.apple.product-type.application";
		};
		B4E352841AA6B8A200AD6439 /* TestFrameWorkTests */ = {
			isa = PBXNativeTarget;
			buildConfigurationList = B4E352921AA6B8A200AD6439 /* Build configuration list for PBXNativeTarget "TestFrameWorkTests" */;
			buildPhases = (
				B4E352811AA6B8A200AD6439 /* Sources */,
				B4E352821AA6B8A200AD6439 /* Frameworks */,
				B4E352831AA6B8A200AD6439 /* Resources */,
			);
			buildRules = (
			);
			dependencies = (
				B4E352871AA6B8A200AD6439 /* PBXTargetDependency */,
			);
			name = TestFrameWorkTests;
			productName = TestFrameWorkTests;
			productReference = B4E352851AA6B8A200AD6439 /* TestFrameWorkTests.xctest */;
			productType = "com.apple.product-type.bundle.unit-test";
		};
/* End PBXNativeTarget section */

/* Begin PBXProject section */
		B4E352641AA6B8A200AD6439 /* Project object */ = {
			isa = PBXProject;
			attributes = {
				LastUpgradeCheck = 0610;
				ORGANIZATIONNAME = like;
				TargetAttributes = {
					B4E3526B1AA6B8A200AD6439 = {
						CreatedOnToolsVersion = 6.1.1;
					};
					B4E352841AA6B8A200AD6439 = {
						CreatedOnToolsVersion = 6.1.1;
						TestTargetID = B4E3526B1AA6B8A200AD6439;
					};
				};
			};
			buildConfigurationList = B4E352671AA6B8A200AD6439 /* Build configuration list for PBXProject "TestFrameWork" */;
			compatibilityVersion = "Xcode 3.2";
			developmentRegion = English;
			hasScannedForEncodings = 0;
			knownRegions = (
				en,
				Base,
			);
			mainGroup = B4E352631AA6B8A200AD6439;
			productRefGroup = B4E3526D1AA6B8A200AD6439 /* Products */;
			projectDirPath = "";
			projectRoot = "";
			targets = (
				B4E3526B1AA6B8A200AD6439 /* TestFrameWork */,
				B4E352841AA6B8A200AD6439 /* TestFrameWorkTests */,
			);
		};
/* End PBXProject section */

/* Begin PBXResourcesBuildPhase section */
		B4E3526A1AA6B8A200AD6439 /* Resources */ = {
			isa = PBXResourcesBuildPhase;
			buildActionMask = 2147483647;
			files = (
				B4E3527B1AA6B8A200AD6439 /* Main.storyboard in Resources */,
				B4E352801AA6B8A200AD6439 /* LaunchScreen.xib in Resources */,
				B4E3527D1AA6B8A200AD6439 /* Images.xcassets in Resources */,
			);
			runOnlyForDeploymentPostprocessing = 0;
		};
		B4E352831AA6B8A200AD6439 /* Resources */ = {
			isa = PBXResourcesBuildPhase;
			buildActionMask = 2147483647;
			files = (
			);
			runOnlyForDeploymentPostprocessing = 0;
		};
/* End PBXResourcesBuildPhase section */

/* Begin PBXSourcesBuildPhase section */
		B4E352681AA6B8A200AD6439 /* Sources */ = {
			isa = PBXSourcesBuildPhase;
			buildActionMask = 2147483647;
			files = (
				B4E352781AA6B8A200AD6439 /* ViewController.m in Sources */,
				B4E352751AA6B8A200AD6439 /* AppDelegate.m in Sources */,
				B4E352721AA6B8A200AD6439 /* main.m in Sources */,
			);
			runOnlyForDeploymentPostprocessing = 0;
		};
		B4E352811AA6B8A200AD6439 /* Sources */ = {
			isa = PBXSourcesBuildPhase;
			buildActionMask = 2147483647;
			files = (
				B4E3528C1AA6B8A200AD6439 /* TestFrameWorkTests.m in Sources */,
			);
			runOnlyForDeploymentPostprocessing = 0;
		};
/* End PBXSourcesBuildPhase section */

/* Begin PBXTargetDependency section */
		B4E352871AA6B8A200AD6439 /* PBXTargetDependency */ = {
			isa = PBXTargetDependency;
			target = B4E3526B1AA6B8A200AD6439 /* TestFrameWork */;
			targetProxy = B4E352861AA6B8A200AD6439 /* PBXContainerItemProxy */;
		};
/* End PBXTargetDependency section */

/* Begin PBXVariantGroup section */
		B4E352791AA6B8A200AD6439 /* Main.storyboard */ = {
			isa = PBXVariantGroup;
			children = (
				B4E3527A1AA6B8A200AD6439 /* Base */,
			);
			name = Main.storyboard;
			sourceTree = "<group>";
		};
		B4E3527E1AA6B8A200AD6439 /* LaunchScreen.xib */ = {
			isa = PBXVariantGroup;
			children = (
				B4E3527F1AA6B8A200AD6439 /* Base */,
			);
			name = LaunchScreen.xib;
			sourceTree = "<group>";
		};
/* End PBXVariantGroup section */

/* Begin XCBuildConfiguration section */
		B4E3528D1AA6B8A200AD6439 /* Debug */ = {
			isa = XCBuildConfiguration;
			buildSettings = {
				ALWAYS_SEARCH_USER_PATHS = NO;
				CLANG_CXX_LANGUAGE_STANDARD = "gnu++0x";
				CLANG_CXX_LIBRARY = "libc++";
				CLANG_ENABLE_MODULES = YES;
				CLANG_ENABLE_OBJC_ARC = YES;
				CLANG_WARN_BOOL_CONVERSION = YES;
				CLANG_WARN_CONSTANT_CONVERSION = YES;
				CLANG_WARN_DIRECT_OBJC_ISA_USAGE = YES_ERROR;
				CLANG_WARN_EMPTY_BODY = YES;
				CLANG_WARN_ENUM_CONVERSION = YES;
				CLANG_WARN_INT_CONVERSION = YES;
				CLANG_WARN_OBJC_ROOT_CLASS = YES_ERROR;
				CLANG_WARN_UNREACHABLE_CODE = YES;
				CLANG_WARN__DUPLICATE_METHOD_MATCH = YES;
				"CODE_SIGN_IDENTITY[sdk=iphoneos*]" = "iPhone Developer";
				COPY_PHASE_STRIP = NO;
				ENABLE_STRICT_OBJC_MSGSEND = YES;
				GCC_C_LANGUAGE_STANDARD = gnu99;
				GCC_DYNAMIC_NO_PIC = NO;
				GCC_OPTIMIZATION_LEVEL = 0;
				GCC_PREPROCESSOR_DEFINITIONS = (
					"DEBUG=1",
					"$(inherited)",
				);
				GCC_SYMBOLS_PRIVATE_EXTERN = NO;
				GCC_WARN_64_TO_32_BIT_CONVERSION = YES;
				GCC_WARN_ABOUT_RETURN_TYPE = YES_ERROR;
				GCC_WARN_UNDECLARED_SELECTOR = YES;
				GCC_WARN_UNINITIALIZED_AUTOS = YES_AGGRESSIVE;
				GCC_WARN_UNUSED_FUNCTION = YES;
				GCC_WARN_UNUSED_VARIABLE = YES;
				IPHONEOS_DEPLOYMENT_TARGET = 8.1;
				MTL_ENABLE_DEBUG_INFO = YES;
				ONLY_ACTIVE_ARCH = YES;
				SDKROOT = iphoneos;
				TARGETED_DEVICE_FAMILY = "1,2";
			};
			name = Debug;
		};
		B4E3528E1AA6B8A200AD6439 /* Release */ = {
			isa = XCBuildConfiguration;
			buildSettings = {
				ALWAYS_SEARCH_USER_PATHS = NO;
				CLANG_CXX_LANGUAGE_STANDARD = "gnu++0x";
				CLANG_CXX_LIBRARY = "libc++";
				CLANG_ENABLE_MODULES = YES;
				CLANG_ENABLE_OBJC_ARC = YES;
				CLANG_WARN_BOOL_CONVERSION = YES;
				CLANG_WARN_CONSTANT_CONVERSION = YES;
				CLANG_WARN_DIRECT_OBJC_ISA_USAGE = YES_ERROR;
				CLANG_WARN_EMPTY_BODY = YES;
				CLANG_WARN_ENUM_CONVERSION = YES;
				CLANG_WARN_INT_CONVERSION = YES;
				CLANG_WARN_OBJC_ROOT_CLASS = YES_ERROR;
				CLANG_WARN_UNREACHABLE_CODE = YES;
				CLANG_WARN__DUPLICATE_METHOD_MATCH = YES;
				"CODE_SIGN_IDENTITY[sdk=iphoneos*]" = "iPhone Developer";
				COPY_PHASE_STRIP = YES;
				ENABLE_NS_ASSERTIONS = NO;
				ENABLE_STRICT_OBJC_MSGSEND = YES;
				GCC_C_LANGUAGE_STANDARD = gnu99;
				GCC_WARN_64_TO_32_BIT_CONVERSION = YES;
				GCC_WARN_ABOUT_RETURN_TYPE = YES_ERROR;
				GCC_WARN_UNDECLARED_SELECTOR = YES;
				GCC_WARN_UNINITIALIZED_AUTOS = YES_AGGRESSIVE;
				GCC_WARN_UNUSED_FUNCTION = YES;
				GCC_WARN_UNUSED_VARIABLE = YES;
				IPHONEOS_DEPLOYMENT_TARGET = 8.1;
				MTL_ENABLE_DEBUG_INFO = NO;
				SDKROOT = iphoneos;
				TARGETED_DEVICE_FAMILY = "1,2";
				VALIDATE_PRODUCT = YES;
			};
			name = Release;
		};
		B4E352901AA6B8A200AD6439 /* Debug */ = {
			isa = XCBuildConfiguration;
			buildSettings = {
				ASSETCATALOG_COMPILER_APPICON_NAME = AppIcon;
				FRAMEWORK_SEARCH_PATHS = (
					"$(inherited)",
					/Users/Hunk/Desktop,
				);
				INFOPLIST_FILE = TestFrameWork/Info.plist;
				IPHONEOS_DEPLOYMENT_TARGET = 6.1;
				LD_RUNPATH_SEARCH_PATHS = "$(inherited) @executable_path/Frameworks";
				LIBRARY_SEARCH_PATHS = (
					"$(inherited)",
					"$(PROJECT_DIR)/TestFrameWork",
				);
				PRODUCT_NAME = "$(TARGET_NAME)";
			};
			name = Debug;
		};
		B4E352911AA6B8A200AD6439 /* Release */ = {
			isa = XCBuildConfiguration;
			buildSettings = {
				ASSETCATALOG_COMPILER_APPICON_NAME = AppIcon;
				FRAMEWORK_SEARCH_PATHS = (
					"$(inherited)",
					/Users/Hunk/Desktop,
				);
				INFOPLIST_FILE = TestFrameWork/Info.plist;
				IPHONEOS_DEPLOYMENT_TARGET = 6.1;
				LD_RUNPATH_SEARCH_PATHS = "$(inherited) @executable_path/Frameworks";
				LIBRARY_SEARCH_PATHS = (
					"$(inherited)",
					"$(PROJECT_DIR)/TestFrameWork",
				);
				PRODUCT_NAME = "$(TARGET_NAME)";
			};
			name = Release;
		};
		B4E352931AA6B8A200AD6439 /* Debug */ = {
			isa = XCBuildConfiguration;
			buildSettings = {
				BUNDLE_LOADER = "$(TEST_HOST)";
				FRAMEWORK_SEARCH_PATHS = (
					"$(SDKROOT)/Developer/Library/Frameworks",
					"$(inherited)",
				);
				GCC_PREPROCESSOR_DEFINITIONS = (
					"DEBUG=1",
					"$(inherited)",
				);
				INFOPLIST_FILE = TestFrameWorkTests/Info.plist;
				LD_RUNPATH_SEARCH_PATHS = "$(inherited) @executable_path/Frameworks @loader_path/Frameworks";
				PRODUCT_NAME = "$(TARGET_NAME)";
				TEST_HOST = "$(BUILT_PRODUCTS_DIR)/TestFrameWork.app/TestFrameWork";
			};
			name = Debug;
		};
		B4E352941AA6B8A200AD6439 /* Release */ = {
			isa = XCBuildConfiguration;
			buildSettings = {
				BUNDLE_LOADER = "$(TEST_HOST)";
				FRAMEWORK_SEARCH_PATHS = (
					"$(SDKROOT)/Developer/Library/Frameworks",
					"$(inherited)",
				);
				INFOPLIST_FILE = TestFrameWorkTests/Info.plist;
				LD_RUNPATH_SEARCH_PATHS = "$(inherited) @executable_path/Frameworks @loader_path/Frameworks";
				PRODUCT_NAME = "$(TARGET_NAME)";
				TEST_HOST = "$(BUILT_PRODUCTS_DIR)/TestFrameWork.app/TestFrameWork";
			};
			name = Release;
		};
/* End XCBuildConfiguration section */

/* Begin XCConfigurationList section */
		B4E352671AA6B8A200AD6439 /* Build configuration list for PBXProject "TestFrameWork" */ = {
			isa = XCConfigurationList;
			buildConfigurations = (
				B4E3528D1AA6B8A200AD6439 /* Debug */,
				B4E3528E1AA6B8A200AD6439 /* Release */,
			);
			defaultConfigurationIsVisible = 0;
			defaultConfigurationName = Release;
		};
		B4E3528F1AA6B8A200AD6439 /* Build configuration list for PBXNativeTarget "TestFrameWork" */ = {
			isa = XCConfigurationList;
			buildConfigurations = (
				B4E352901AA6B8A200AD6439 /* Debug */,
				B4E352911AA6B8A200AD6439 /* Release */,
			);
			defaultConfigurationIsVisible = 0;
			defaultConfigurationName = Release;
		};
		B4E352921AA6B8A200AD6439 /* Build configuration list for PBXNativeTarget "TestFrameWorkTests" */ = {
			isa = XCConfigurationList;
			buildConfigurations = (
				B4E352931AA6B8A200AD6439 /* Debug */,
				B4E352941AA6B8A200AD6439 /* Release */,
			);
			defaultConfigurationIsVisible = 0;
			defaultConfigurationName = Release;
		};
/* End XCConfigurationList section */
	};
	rootObject = B4E352641AA6B8A200AD6439 /* Project object */;
}
